# This file is automatically @generated by Cargo.
# It is not intended for manual editing.
version = 4

[[package]]
name = "file-format"
version = "0.27.0"
source = "registry+https://github.com/rust-lang/crates.io-index"
checksum = "0ff8badf6e72ff15e42c9ade15d01375837173b17d10c228ab41d821082619db"

[[package]]
name = "sparkle"
version = "0.1.0"
dependencies = [
 "file-format",
]
